
Microsoft Visual Studio Solution File, Format Version 12.00
# Visual Studio 14
VisualStudioVersion = 14.0.25420.1
MinimumVisualStudioVersion = 10.0.40219.1
Project("{FAE04EC0-301F-11D3-BF4B-00C04F79EFBC}") = "OOPShogi", "OOPShogi\OOPShogi.csproj", "{6BACF1D0-6516-4A06-B44F-167C5FD1DBBB}"
EndProject
Project("{FAE04EC0-301F-11D3-BF4B-00C04F79EFBC}") = "OOPShogiTest", "OOPShogiTest\OOPShogiTest.csproj", "{79CCF9B2-216B-436C-AF3B-F5DB74E4EAD8}"
EndProject
Global
	GlobalSection(SolutionConfigurationPlatforms) = preSolution
		Debug|Any CPU = Debug|Any CPU
		Release|Any CPU = Release|Any CPU
	EndGlobalSection
	GlobalSection(ProjectConfigurationPlatforms) = postSolution
		{6BACF1D0-6516-4A06-B44F-167C5FD1DBBB}.Debug|Any CPU.ActiveCfg = Debug|Any CPU
		{6BACF1D0-6516-4A06-B44F-167C5FD1DBBB}.Debug|Any CPU.Build.0 = Debug|Any CPU
		{6BACF1D0-6516-4A06-B44F-167C5FD1DBBB}.Release|Any CPU.ActiveCfg = Release|Any CPU
		{6BACF1D0-6516-4A06-B44F-167C5FD1DBBB}.Release|Any CPU.Build.0 = Release|Any CPU
		{79CCF9B2-216B-436C-AF3B-F5DB74E4EAD8}.Debug|Any CPU.ActiveCfg = Debug|Any CPU
		{79CCF9B2-216B-436C-AF3B-F5DB74E4EAD8}.Debug|Any CPU.Build.0 = Debug|Any CPU
		{79CCF9B2-216B-436C-AF3B-F5DB74E4EAD8}.Release|Any CPU.ActiveCfg = Release|Any CPU
		{79CCF9B2-216B-436C-AF3B-F5DB74E4EAD8}.Release|Any CPU.Build.0 = Release|Any CPU
	EndGlobalSection
	GlobalSection(SolutionProperties) = preSolution
		HideSolutionNode = FALSE
	EndGlobalSection
EndGlobal
